
Microsoft Visual Studio Solution File, Format Version 12.00
# Visual Studio Version 16
VisualStudioVersion = 16.0.30320.27
MinimumVisualStudioVersion = 10.0.40219.1
Project("{9A19103F-16F7-4668-BE54-9A1E7A4F7556}") = "experimental", "..\..\net\experimental\experimental.csproj", "{A5CA40E9-09FD-46A4-A91B-C997E4AC05AA}"
EndProject
Project("{FAE04EC0-301F-11D3-BF4B-00C04F79EFBC}") = "sparkplugb", "..\..\net\sparkplugb\sparkplugb.csproj", "{EA49077C-A8F4-4BD4-A0F5-53D7CFBB38DA}"
EndProject
Global
	GlobalSection(SolutionConfigurationPlatforms) = preSolution
		Debug|Any CPU = Debug|Any CPU
		Release|Any CPU = Release|Any CPU
	EndGlobalSection
	GlobalSection(ProjectConfigurationPlatforms) = postSolution
		{A5CA40E9-09FD-46A4-A91B-C997E4AC05AA}.Debug|Any CPU.ActiveCfg = Debug|Any CPU
		{A5CA40E9-09FD-46A4-A91B-C997E4AC05AA}.Debug|Any CPU.Build.0 = Debug|Any CPU
		{A5CA40E9-09FD-46A4-A91B-C997E4AC05AA}.Release|Any CPU.ActiveCfg = Release|Any CPU
		{A5CA40E9-09FD-46A4-A91B-C997E4AC05AA}.Release|Any CPU.Build.0 = Release|Any CPU
		{EA49077C-A8F4-4BD4-A0F5-53D7CFBB38DA}.Debug|Any CPU.ActiveCfg = Debug|Any CPU
		{EA49077C-A8F4-4BD4-A0F5-53D7CFBB38DA}.Debug|Any CPU.Build.0 = Debug|Any CPU
		{EA49077C-A8F4-4BD4-A0F5-53D7CFBB38DA}.Release|Any CPU.ActiveCfg = Release|Any CPU
		{EA49077C-A8F4-4BD4-A0F5-53D7CFBB38DA}.Release|Any CPU.Build.0 = Release|Any CPU
	EndGlobalSection
	GlobalSection(SolutionProperties) = preSolution
		HideSolutionNode = FALSE
	EndGlobalSection
	GlobalSection(ExtensibilityGlobals) = postSolution
		SolutionGuid = {9AFD2A05-EBC5-4B97-8EFB-14AF3E90FAE9}
	EndGlobalSection
EndGlobal
