
Microsoft Visual Studio Solution File, Format Version 12.00
# Visual Studio 2013
VisualStudioVersion = 12.0.40629.0
MinimumVisualStudioVersion = 10.0.40219.1
Project("{8BC9CEB8-8B4A-11D0-8D11-00A0C91BC942}") = "BinaryStreamDevelopemntConsoleApplication", "BinaryStreamDevelopemntConsoleApplication\BinaryStreamDevelopemntConsoleApplication.vcxproj", "{0BE8F939-23F4-4075-8C92-6F783FD0FC33}"
EndProject
Project("{8BC9CEB8-8B4A-11D0-8D11-00A0C91BC942}") = "BinaryStream", "BinaryStream\BinaryStream.vcxproj", "{FC733D11-F4B0-4BD8-97DB-A1BC7BDD8A71}"
EndProject
Project("{8BC9CEB8-8B4A-11D0-8D11-00A0C91BC942}") = "BinaryStreamArduino", "BinaryStreamArduino\BinaryStreamArduino.vcxproj", "{C5F80730-F44F-4478-BDAE-6634EFC2CA88}"
EndProject
Project("{8BC9CEB8-8B4A-11D0-8D11-00A0C91BC942}") = "BinaryStreamStaticLibrary", "BinaryStreamStaticLibrary\BinaryStreamStaticLibrary.vcxproj", "{99933C77-3C63-4788-91D3-3186069BC463}"
EndProject
Global
	GlobalSection(SolutionConfigurationPlatforms) = preSolution
		Debug|Win32 = Debug|Win32
		Release|Win32 = Release|Win32
	EndGlobalSection
	GlobalSection(ProjectConfigurationPlatforms) = postSolution
		{0BE8F939-23F4-4075-8C92-6F783FD0FC33}.Debug|Win32.ActiveCfg = Debug|Win32
		{0BE8F939-23F4-4075-8C92-6F783FD0FC33}.Debug|Win32.Build.0 = Debug|Win32
		{0BE8F939-23F4-4075-8C92-6F783FD0FC33}.Release|Win32.ActiveCfg = Release|Win32
		{0BE8F939-23F4-4075-8C92-6F783FD0FC33}.Release|Win32.Build.0 = Release|Win32
		{FC733D11-F4B0-4BD8-97DB-A1BC7BDD8A71}.Debug|Win32.ActiveCfg = Debug|Win32
		{FC733D11-F4B0-4BD8-97DB-A1BC7BDD8A71}.Release|Win32.ActiveCfg = Release|Win32
		{C5F80730-F44F-4478-BDAE-6634EFC2CA88}.Debug|Win32.ActiveCfg = Debug|Win32
		{C5F80730-F44F-4478-BDAE-6634EFC2CA88}.Debug|Win32.Build.0 = Debug|Win32
		{C5F80730-F44F-4478-BDAE-6634EFC2CA88}.Release|Win32.ActiveCfg = Release|Win32
		{C5F80730-F44F-4478-BDAE-6634EFC2CA88}.Release|Win32.Build.0 = Release|Win32
		{99933C77-3C63-4788-91D3-3186069BC463}.Debug|Win32.ActiveCfg = Debug|Win32
		{99933C77-3C63-4788-91D3-3186069BC463}.Debug|Win32.Build.0 = Debug|Win32
		{99933C77-3C63-4788-91D3-3186069BC463}.Release|Win32.ActiveCfg = Release|Win32
		{99933C77-3C63-4788-91D3-3186069BC463}.Release|Win32.Build.0 = Release|Win32
	EndGlobalSection
	GlobalSection(SolutionProperties) = preSolution
		HideSolutionNode = FALSE
	EndGlobalSection
EndGlobal
