
Microsoft Visual Studio Solution File, Format Version 12.00
# Visual Studio Version 17
VisualStudioVersion = 17.6.33815.320
MinimumVisualStudioVersion = 10.0.40219.1
Project("{FAE04EC0-301F-11D3-BF4B-00C04F79EFBC}") = "experimental", "experimental\experimental.csproj", "{585C4F61-D5B1-4941-AA5A-56DE42AAC22A}"
EndProject
Global
	GlobalSection(SolutionConfigurationPlatforms) = preSolution
		Debug|Any CPU = Debug|Any CPU
		Release|Any CPU = Release|Any CPU
	EndGlobalSection
	GlobalSection(ProjectConfigurationPlatforms) = postSolution
		{585C4F61-D5B1-4941-AA5A-56DE42AAC22A}.Debug|Any CPU.ActiveCfg = Debug|Any CPU
		{585C4F61-D5B1-4941-AA5A-56DE42AAC22A}.Debug|Any CPU.Build.0 = Debug|Any CPU
		{585C4F61-D5B1-4941-AA5A-56DE42AAC22A}.Release|Any CPU.ActiveCfg = Release|Any CPU
		{585C4F61-D5B1-4941-AA5A-56DE42AAC22A}.Release|Any CPU.Build.0 = Release|Any CPU
	EndGlobalSection
	GlobalSection(SolutionProperties) = preSolution
		HideSolutionNode = FALSE
	EndGlobalSection
	GlobalSection(ExtensibilityGlobals) = postSolution
		SolutionGuid = {2CCD76B3-362E-403C-828C-474D6CF8D80C}
	EndGlobalSection
EndGlobal
